
Microsoft Visual Studio Solution File, Format Version 12.00
# Visual Studio 15
VisualStudioVersion = 15.0.26124.0
MinimumVisualStudioVersion = 15.0.26124.0
Project("{9A19103F-16F7-4668-BE54-9A1E7A4F7556}") = "R5T.D0059.Construction", "R5T.D0059.Construction\R5T.D0059.Construction.csproj", "{4A4D6D54-BF87-4DEB-ABF2-D5565E5339F0}"
EndProject
Project("{2150E333-8FDC-42A3-9474-1A3956D46DE8}") = "_Dependencies", "_Dependencies", "{E1BBF4DC-DC4D-4FE9-8863-84E8557B1CEC}"
EndProject
Project("{9A19103F-16F7-4668-BE54-9A1E7A4F7556}") = "R5T.L0006.Extensions", "..\..\R5T.L0006\source\R5T.L0006.Extensions\R5T.L0006.Extensions.csproj", "{C2067125-9FFF-46BF-834F-85C1E4CA8B25}"
EndProject
Project("{9A19103F-16F7-4668-BE54-9A1E7A4F7556}") = "R5T.L0006", "..\..\R5T.L0006\source\R5T.L0006\R5T.L0006.csproj", "{21652D71-4173-4C2A-A15E-F63CEA20566A}"
EndProject
Project("{9A19103F-16F7-4668-BE54-9A1E7A4F7556}") = "R5T.L0004.Extensions", "..\..\R5T.L0004\source\R5T.L0004.Extensions\R5T.L0004.Extensions.csproj", "{66DD18B2-84FC-4867-99F7-6F71F8D134EE}"
EndProject
Project("{9A19103F-16F7-4668-BE54-9A1E7A4F7556}") = "R5T.L0004", "..\..\R5T.L0004\source\R5T.L0004\R5T.L0004.csproj", "{7C03CEE0-06C5-44E4-B47F-4C87159F610D}"
EndProject
Project("{9A19103F-16F7-4668-BE54-9A1E7A4F7556}") = "R5T.Magyar", "..\..\R5T.Magyar\source\R5T.Magyar\R5T.Magyar.csproj", "{88E20099-2267-415A-AEAE-F1499E85A112}"
EndProject
Project("{FAE04EC0-301F-11D3-BF4B-00C04F79EFBC}") = "R5T.D0059.Base", "R5T.D0059.Base\R5T.D0059.Base.csproj", "{04607740-92FF-4568-9118-CD7FD62811D5}"
EndProject
Project("{FAE04EC0-301F-11D3-BF4B-00C04F79EFBC}") = "R5T.D0059.Types", "R5T.D0059.Types\R5T.D0059.Types.csproj", "{D6AFA017-D411-41A0-B93B-7C2B901AEFE3}"
EndProject
Project("{FAE04EC0-301F-11D3-BF4B-00C04F79EFBC}") = "R5T.D0059.Default", "R5T.D0059.Default\R5T.D0059.Default.csproj", "{BB395A61-87B4-455F-BD8F-C63A4CFE2726}"
EndProject
Project("{9A19103F-16F7-4668-BE54-9A1E7A4F7556}") = "R5T.Dacia.Extensions", "..\..\R5T.Dacia.Extensions\source\R5T.Dacia.Extensions\R5T.Dacia.Extensions.csproj", "{6FE10249-F7F3-45F3-B0FA-C3208869C2A9}"
EndProject
Project("{9A19103F-16F7-4668-BE54-9A1E7A4F7556}") = "R5T.Dacia", "..\..\R5T.Dacia\source\R5T.Dacia\R5T.Dacia.csproj", "{F7DA937F-6B32-429F-8900-B4D70926B340}"
EndProject
Project("{9A19103F-16F7-4668-BE54-9A1E7A4F7556}") = "R5T.D0057.Base", "..\..\R5T.D0057\source\R5T.D0057.Base\R5T.D0057.Base.csproj", "{157F6F5D-B444-4476-872D-7C3E169AC94A}"
EndProject
Global
	GlobalSection(SolutionConfigurationPlatforms) = preSolution
		Debug|Any CPU = Debug|Any CPU
		Debug|x64 = Debug|x64
		Debug|x86 = Debug|x86
		Release|Any CPU = Release|Any CPU
		Release|x64 = Release|x64
		Release|x86 = Release|x86
	EndGlobalSection
	GlobalSection(ProjectConfigurationPlatforms) = postSolution
		{4A4D6D54-BF87-4DEB-ABF2-D5565E5339F0}.Debug|Any CPU.ActiveCfg = Debug|Any CPU
		{4A4D6D54-BF87-4DEB-ABF2-D5565E5339F0}.Debug|Any CPU.Build.0 = Debug|Any CPU
		{4A4D6D54-BF87-4DEB-ABF2-D5565E5339F0}.Debug|x64.ActiveCfg = Debug|Any CPU
		{4A4D6D54-BF87-4DEB-ABF2-D5565E5339F0}.Debug|x64.Build.0 = Debug|Any CPU
		{4A4D6D54-BF87-4DEB-ABF2-D5565E5339F0}.Debug|x86.ActiveCfg = Debug|Any CPU
		{4A4D6D54-BF87-4DEB-ABF2-D5565E5339F0}.Debug|x86.Build.0 = Debug|Any CPU
		{4A4D6D54-BF87-4DEB-ABF2-D5565E5339F0}.Release|Any CPU.ActiveCfg = Release|Any CPU
		{4A4D6D54-BF87-4DEB-ABF2-D5565E5339F0}.Release|Any CPU.Build.0 = Release|Any CPU
		{4A4D6D54-BF87-4DEB-ABF2-D5565E5339F0}.Release|x64.ActiveCfg = Release|Any CPU
		{4A4D6D54-BF87-4DEB-ABF2-D5565E5339F0}.Release|x64.Build.0 = Release|Any CPU
		{4A4D6D54-BF87-4DEB-ABF2-D5565E5339F0}.Release|x86.ActiveCfg = Release|Any CPU
		{4A4D6D54-BF87-4DEB-ABF2-D5565E5339F0}.Release|x86.Build.0 = Release|Any CPU
		{C2067125-9FFF-46BF-834F-85C1E4CA8B25}.Debug|Any CPU.ActiveCfg = Debug|Any CPU
		{C2067125-9FFF-46BF-834F-85C1E4CA8B25}.Debug|Any CPU.Build.0 = Debug|Any CPU
		{C2067125-9FFF-46BF-834F-85C1E4CA8B25}.Debug|x64.ActiveCfg = Debug|Any CPU
		{C2067125-9FFF-46BF-834F-85C1E4CA8B25}.Debug|x64.Build.0 = Debug|Any CPU
		{C2067125-9FFF-46BF-834F-85C1E4CA8B25}.Debug|x86.ActiveCfg = Debug|Any CPU
		{C2067125-9FFF-46BF-834F-85C1E4CA8B25}.Debug|x86.Build.0 = Debug|Any CPU
		{C2067125-9FFF-46BF-834F-85C1E4CA8B25}.Release|Any CPU.ActiveCfg = Release|Any CPU
		{C2067125-9FFF-46BF-834F-85C1E4CA8B25}.Release|Any CPU.Build.0 = Release|Any CPU
		{C2067125-9FFF-46BF-834F-85C1E4CA8B25}.Release|x64.ActiveCfg = Release|Any CPU
		{C2067125-9FFF-46BF-834F-85C1E4CA8B25}.Release|x64.Build.0 = Release|Any CPU
		{C2067125-9FFF-46BF-834F-85C1E4CA8B25}.Release|x86.ActiveCfg = Release|Any CPU
		{C2067125-9FFF-46BF-834F-85C1E4CA8B25}.Release|x86.Build.0 = Release|Any CPU
		{21652D71-4173-4C2A-A15E-F63CEA20566A}.Debug|Any CPU.ActiveCfg = Debug|Any CPU
		{21652D71-4173-4C2A-A15E-F63CEA20566A}.Debug|Any CPU.Build.0 = Debug|Any CPU
		{21652D71-4173-4C2A-A15E-F63CEA20566A}.Debug|x64.ActiveCfg = Debug|Any CPU
		{21652D71-4173-4C2A-A15E-F63CEA20566A}.Debug|x64.Build.0 = Debug|Any CPU
		{21652D71-4173-4C2A-A15E-F63CEA20566A}.Debug|x86.ActiveCfg = Debug|Any CPU
		{21652D71-4173-4C2A-A15E-F63CEA20566A}.Debug|x86.Build.0 = Debug|Any CPU
		{21652D71-4173-4C2A-A15E-F63CEA20566A}.Release|Any CPU.ActiveCfg = Release|Any CPU
		{21652D71-4173-4C2A-A15E-F63CEA20566A}.Release|Any CPU.Build.0 = Release|Any CPU
		{21652D71-4173-4C2A-A15E-F63CEA20566A}.Release|x64.ActiveCfg = Release|Any CPU
		{21652D71-4173-4C2A-A15E-F63CEA20566A}.Release|x64.Build.0 = Release|Any CPU
		{21652D71-4173-4C2A-A15E-F63CEA20566A}.Release|x86.ActiveCfg = Release|Any CPU
		{21652D71-4173-4C2A-A15E-F63CEA20566A}.Release|x86.Build.0 = Release|Any CPU
		{66DD18B2-84FC-4867-99F7-6F71F8D134EE}.Debug|Any CPU.ActiveCfg = Debug|Any CPU
		{66DD18B2-84FC-4867-99F7-6F71F8D134EE}.Debug|Any CPU.Build.0 = Debug|Any CPU
		{66DD18B2-84FC-4867-99F7-6F71F8D134EE}.Debug|x64.ActiveCfg = Debug|Any CPU
		{66DD18B2-84FC-4867-99F7-6F71F8D134EE}.Debug|x64.Build.0 = Debug|Any CPU
		{66DD18B2-84FC-4867-99F7-6F71F8D134EE}.Debug|x86.ActiveCfg = Debug|Any CPU
		{66DD18B2-84FC-4867-99F7-6F71F8D134EE}.Debug|x86.Build.0 = Debug|Any CPU
		{66DD18B2-84FC-4867-99F7-6F71F8D134EE}.Release|Any CPU.ActiveCfg = Release|Any CPU
		{66DD18B2-84FC-4867-99F7-6F71F8D134EE}.Release|Any CPU.Build.0 = Release|Any CPU
		{66DD18B2-84FC-4867-99F7-6F71F8D134EE}.Release|x64.ActiveCfg = Release|Any CPU
		{66DD18B2-84FC-4867-99F7-6F71F8D134EE}.Release|x64.Build.0 = Release|Any CPU
		{66DD18B2-84FC-4867-99F7-6F71F8D134EE}.Release|x86.ActiveCfg = Release|Any CPU
		{66DD18B2-84FC-4867-99F7-6F71F8D134EE}.Release|x86.Build.0 = Release|Any CPU
		{7C03CEE0-06C5-44E4-B47F-4C87159F610D}.Debug|Any CPU.ActiveCfg = Debug|Any CPU
		{7C03CEE0-06C5-44E4-B47F-4C87159F610D}.Debug|Any CPU.Build.0 = Debug|Any CPU
		{7C03CEE0-06C5-44E4-B47F-4C87159F610D}.Debug|x64.ActiveCfg = Debug|Any CPU
		{7C03CEE0-06C5-44E4-B47F-4C87159F610D}.Debug|x64.Build.0 = Debug|Any CPU
		{7C03CEE0-06C5-44E4-B47F-4C87159F610D}.Debug|x86.ActiveCfg = Debug|Any CPU
		{7C03CEE0-06C5-44E4-B47F-4C87159F610D}.Debug|x86.Build.0 = Debug|Any CPU
		{7C03CEE0-06C5-44E4-B47F-4C87159F610D}.Release|Any CPU.ActiveCfg = Release|Any CPU
		{7C03CEE0-06C5-44E4-B47F-4C87159F610D}.Release|Any CPU.Build.0 = Release|Any CPU
		{7C03CEE0-06C5-44E4-B47F-4C87159F610D}.Release|x64.ActiveCfg = Release|Any CPU
		{7C03CEE0-06C5-44E4-B47F-4C87159F610D}.Release|x64.Build.0 = Release|Any CPU
		{7C03CEE0-06C5-44E4-B47F-4C87159F610D}.Release|x86.ActiveCfg = Release|Any CPU
		{7C03CEE0-06C5-44E4-B47F-4C87159F610D}.Release|x86.Build.0 = Release|Any CPU
		{88E20099-2267-415A-AEAE-F1499E85A112}.Debug|Any CPU.ActiveCfg = Debug|Any CPU
		{88E20099-2267-415A-AEAE-F1499E85A112}.Debug|Any CPU.Build.0 = Debug|Any CPU
		{88E20099-2267-415A-AEAE-F1499E85A112}.Debug|x64.ActiveCfg = Debug|Any CPU
		{88E20099-2267-415A-AEAE-F1499E85A112}.Debug|x64.Build.0 = Debug|Any CPU
		{88E20099-2267-415A-AEAE-F1499E85A112}.Debug|x86.ActiveCfg = Debug|Any CPU
		{88E20099-2267-415A-AEAE-F1499E85A112}.Debug|x86.Build.0 = Debug|Any CPU
		{88E20099-2267-415A-AEAE-F1499E85A112}.Release|Any CPU.ActiveCfg = Release|Any CPU
		{88E20099-2267-415A-AEAE-F1499E85A112}.Release|Any CPU.Build.0 = Release|Any CPU
		{88E20099-2267-415A-AEAE-F1499E85A112}.Release|x64.ActiveCfg = Release|Any CPU
		{88E20099-2267-415A-AEAE-F1499E85A112}.Release|x64.Build.0 = Release|Any CPU
		{88E20099-2267-415A-AEAE-F1499E85A112}.Release|x86.ActiveCfg = Release|Any CPU
		{88E20099-2267-415A-AEAE-F1499E85A112}.Release|x86.Build.0 = Release|Any CPU
		{04607740-92FF-4568-9118-CD7FD62811D5}.Debug|Any CPU.ActiveCfg = Debug|Any CPU
		{04607740-92FF-4568-9118-CD7FD62811D5}.Debug|Any CPU.Build.0 = Debug|Any CPU
		{04607740-92FF-4568-9118-CD7FD62811D5}.Debug|x64.ActiveCfg = Debug|Any CPU
		{04607740-92FF-4568-9118-CD7FD62811D5}.Debug|x64.Build.0 = Debug|Any CPU
		{04607740-92FF-4568-9118-CD7FD62811D5}.Debug|x86.ActiveCfg = Debug|Any CPU
		{04607740-92FF-4568-9118-CD7FD62811D5}.Debug|x86.Build.0 = Debug|Any CPU
		{04607740-92FF-4568-9118-CD7FD62811D5}.Release|Any CPU.ActiveCfg = Release|Any CPU
		{04607740-92FF-4568-9118-CD7FD62811D5}.Release|Any CPU.Build.0 = Release|Any CPU
		{04607740-92FF-4568-9118-CD7FD62811D5}.Release|x64.ActiveCfg = Release|Any CPU
		{04607740-92FF-4568-9118-CD7FD62811D5}.Release|x64.Build.0 = Release|Any CPU
		{04607740-92FF-4568-9118-CD7FD62811D5}.Release|x86.ActiveCfg = Release|Any CPU
		{04607740-92FF-4568-9118-CD7FD62811D5}.Release|x86.Build.0 = Release|Any CPU
		{D6AFA017-D411-41A0-B93B-7C2B901AEFE3}.Debug|Any CPU.ActiveCfg = Debug|Any CPU
		{D6AFA017-D411-41A0-B93B-7C2B901AEFE3}.Debug|Any CPU.Build.0 = Debug|Any CPU
		{D6AFA017-D411-41A0-B93B-7C2B901AEFE3}.Debug|x64.ActiveCfg = Debug|Any CPU
		{D6AFA017-D411-41A0-B93B-7C2B901AEFE3}.Debug|x64.Build.0 = Debug|Any CPU
		{D6AFA017-D411-41A0-B93B-7C2B901AEFE3}.Debug|x86.ActiveCfg = Debug|Any CPU
		{D6AFA017-D411-41A0-B93B-7C2B901AEFE3}.Debug|x86.Build.0 = Debug|Any CPU
		{D6AFA017-D411-41A0-B93B-7C2B901AEFE3}.Release|Any CPU.ActiveCfg = Release|Any CPU
		{D6AFA017-D411-41A0-B93B-7C2B901AEFE3}.Release|Any CPU.Build.0 = Release|Any CPU
		{D6AFA017-D411-41A0-B93B-7C2B901AEFE3}.Release|x64.ActiveCfg = Release|Any CPU
		{D6AFA017-D411-41A0-B93B-7C2B901AEFE3}.Release|x64.Build.0 = Release|Any CPU
		{D6AFA017-D411-41A0-B93B-7C2B901AEFE3}.Release|x86.ActiveCfg = Release|Any CPU
		{D6AFA017-D411-41A0-B93B-7C2B901AEFE3}.Release|x86.Build.0 = Release|Any CPU
		{BB395A61-87B4-455F-BD8F-C63A4CFE2726}.Debug|Any CPU.ActiveCfg = Debug|Any CPU
		{BB395A61-87B4-455F-BD8F-C63A4CFE2726}.Debug|Any CPU.Build.0 = Debug|Any CPU
		{BB395A61-87B4-455F-BD8F-C63A4CFE2726}.Debug|x64.ActiveCfg = Debug|Any CPU
		{BB395A61-87B4-455F-BD8F-C63A4CFE2726}.Debug|x64.Build.0 = Debug|Any CPU
		{BB395A61-87B4-455F-BD8F-C63A4CFE2726}.Debug|x86.ActiveCfg = Debug|Any CPU
		{BB395A61-87B4-455F-BD8F-C63A4CFE2726}.Debug|x86.Build.0 = Debug|Any CPU
		{BB395A61-87B4-455F-BD8F-C63A4CFE2726}.Release|Any CPU.ActiveCfg = Release|Any CPU
		{BB395A61-87B4-455F-BD8F-C63A4CFE2726}.Release|Any CPU.Build.0 = Release|Any CPU
		{BB395A61-87B4-455F-BD8F-C63A4CFE2726}.Release|x64.ActiveCfg = Release|Any CPU
		{BB395A61-87B4-455F-BD8F-C63A4CFE2726}.Release|x64.Build.0 = Release|Any CPU
		{BB395A61-87B4-455F-BD8F-C63A4CFE2726}.Release|x86.ActiveCfg = Release|Any CPU
		{BB395A61-87B4-455F-BD8F-C63A4CFE2726}.Release|x86.Build.0 = Release|Any CPU
		{6FE10249-F7F3-45F3-B0FA-C3208869C2A9}.Debug|Any CPU.ActiveCfg = Debug|Any CPU
		{6FE10249-F7F3-45F3-B0FA-C3208869C2A9}.Debug|Any CPU.Build.0 = Debug|Any CPU
		{6FE10249-F7F3-45F3-B0FA-C3208869C2A9}.Debug|x64.ActiveCfg = Debug|Any CPU
		{6FE10249-F7F3-45F3-B0FA-C3208869C2A9}.Debug|x64.Build.0 = Debug|Any CPU
		{6FE10249-F7F3-45F3-B0FA-C3208869C2A9}.Debug|x86.ActiveCfg = Debug|Any CPU
		{6FE10249-F7F3-45F3-B0FA-C3208869C2A9}.Debug|x86.Build.0 = Debug|Any CPU
		{6FE10249-F7F3-45F3-B0FA-C3208869C2A9}.Release|Any CPU.ActiveCfg = Release|Any CPU
		{6FE10249-F7F3-45F3-B0FA-C3208869C2A9}.Release|Any CPU.Build.0 = Release|Any CPU
		{6FE10249-F7F3-45F3-B0FA-C3208869C2A9}.Release|x64.ActiveCfg = Release|Any CPU
		{6FE10249-F7F3-45F3-B0FA-C3208869C2A9}.Release|x64.Build.0 = Release|Any CPU
		{6FE10249-F7F3-45F3-B0FA-C3208869C2A9}.Release|x86.ActiveCfg = Release|Any CPU
		{6FE10249-F7F3-45F3-B0FA-C3208869C2A9}.Release|x86.Build.0 = Release|Any CPU
		{F7DA937F-6B32-429F-8900-B4D70926B340}.Debug|Any CPU.ActiveCfg = Debug|Any CPU
		{F7DA937F-6B32-429F-8900-B4D70926B340}.Debug|Any CPU.Build.0 = Debug|Any CPU
		{F7DA937F-6B32-429F-8900-B4D70926B340}.Debug|x64.ActiveCfg = Debug|Any CPU
		{F7DA937F-6B32-429F-8900-B4D70926B340}.Debug|x64.Build.0 = Debug|Any CPU
		{F7DA937F-6B32-429F-8900-B4D70926B340}.Debug|x86.ActiveCfg = Debug|Any CPU
		{F7DA937F-6B32-429F-8900-B4D70926B340}.Debug|x86.Build.0 = Debug|Any CPU
		{F7DA937F-6B32-429F-8900-B4D70926B340}.Release|Any CPU.ActiveCfg = Release|Any CPU
		{F7DA937F-6B32-429F-8900-B4D70926B340}.Release|Any CPU.Build.0 = Release|Any CPU
		{F7DA937F-6B32-429F-8900-B4D70926B340}.Release|x64.ActiveCfg = Release|Any CPU
		{F7DA937F-6B32-429F-8900-B4D70926B340}.Release|x64.Build.0 = Release|Any CPU
		{F7DA937F-6B32-429F-8900-B4D70926B340}.Release|x86.ActiveCfg = Release|Any CPU
		{F7DA937F-6B32-429F-8900-B4D70926B340}.Release|x86.Build.0 = Release|Any CPU
		{157F6F5D-B444-4476-872D-7C3E169AC94A}.Debug|Any CPU.ActiveCfg = Debug|Any CPU
		{157F6F5D-B444-4476-872D-7C3E169AC94A}.Debug|Any CPU.Build.0 = Debug|Any CPU
		{157F6F5D-B444-4476-872D-7C3E169AC94A}.Debug|x64.ActiveCfg = Debug|Any CPU
		{157F6F5D-B444-4476-872D-7C3E169AC94A}.Debug|x64.Build.0 = Debug|Any CPU
		{157F6F5D-B444-4476-872D-7C3E169AC94A}.Debug|x86.ActiveCfg = Debug|Any CPU
		{157F6F5D-B444-4476-872D-7C3E169AC94A}.Debug|x86.Build.0 = Debug|Any CPU
		{157F6F5D-B444-4476-872D-7C3E169AC94A}.Release|Any CPU.ActiveCfg = Release|Any CPU
		{157F6F5D-B444-4476-872D-7C3E169AC94A}.Release|Any CPU.Build.0 = Release|Any CPU
		{157F6F5D-B444-4476-872D-7C3E169AC94A}.Release|x64.ActiveCfg = Release|Any CPU
		{157F6F5D-B444-4476-872D-7C3E169AC94A}.Release|x64.Build.0 = Release|Any CPU
		{157F6F5D-B444-4476-872D-7C3E169AC94A}.Release|x86.ActiveCfg = Release|Any CPU
		{157F6F5D-B444-4476-872D-7C3E169AC94A}.Release|x86.Build.0 = Release|Any CPU
	EndGlobalSection
	GlobalSection(SolutionProperties) = preSolution
		HideSolutionNode = FALSE
	EndGlobalSection
	GlobalSection(NestedProjects) = preSolution
		{C2067125-9FFF-46BF-834F-85C1E4CA8B25} = {E1BBF4DC-DC4D-4FE9-8863-84E8557B1CEC}
		{21652D71-4173-4C2A-A15E-F63CEA20566A} = {E1BBF4DC-DC4D-4FE9-8863-84E8557B1CEC}
		{66DD18B2-84FC-4867-99F7-6F71F8D134EE} = {E1BBF4DC-DC4D-4FE9-8863-84E8557B1CEC}
		{7C03CEE0-06C5-44E4-B47F-4C87159F610D} = {E1BBF4DC-DC4D-4FE9-8863-84E8557B1CEC}
		{88E20099-2267-415A-AEAE-F1499E85A112} = {E1BBF4DC-DC4D-4FE9-8863-84E8557B1CEC}
		{6FE10249-F7F3-45F3-B0FA-C3208869C2A9} = {E1BBF4DC-DC4D-4FE9-8863-84E8557B1CEC}
		{F7DA937F-6B32-429F-8900-B4D70926B340} = {E1BBF4DC-DC4D-4FE9-8863-84E8557B1CEC}
		{157F6F5D-B444-4476-872D-7C3E169AC94A} = {E1BBF4DC-DC4D-4FE9-8863-84E8557B1CEC}
	EndGlobalSection
	GlobalSection(ExtensibilityGlobals) = postSolution
		SolutionGuid = {A246ECAC-1074-4FD4-8984-AA4F7DF9F3CC}
	EndGlobalSection
EndGlobal
